
Microsoft Visual Studio Solution File, Format Version 12.00
# Visual Studio Version 16
VisualStudioVersion = 16.0.31515.178
MinimumVisualStudioVersion = 10.0.40219.1
Project("{FAE04EC0-301F-11D3-BF4B-00C04F79EFBC}") = "LiveQuiz", "LiveQuiz\LiveQuiz.csproj", "{C7381A2C-96ED-4C7F-93AF-E79D31FA5B16}"
EndProject
Project("{FAE04EC0-301F-11D3-BF4B-00C04F79EFBC}") = "QuizClasses", "QuizClasses\QuizClasses.csproj", "{B0C31319-C8F5-4AAF-AAA8-E31F7B4577DA}"
EndProject
Global
	GlobalSection(SolutionConfigurationPlatforms) = preSolution
		Debug|Any CPU = Debug|Any CPU
		Release|Any CPU = Release|Any CPU
	EndGlobalSection
	GlobalSection(ProjectConfigurationPlatforms) = postSolution
		{C7381A2C-96ED-4C7F-93AF-E79D31FA5B16}.Debug|Any CPU.ActiveCfg = Debug|Any CPU
		{C7381A2C-96ED-4C7F-93AF-E79D31FA5B16}.Debug|Any CPU.Build.0 = Debug|Any CPU
		{C7381A2C-96ED-4C7F-93AF-E79D31FA5B16}.Release|Any CPU.ActiveCfg = Release|Any CPU
		{C7381A2C-96ED-4C7F-93AF-E79D31FA5B16}.Release|Any CPU.Build.0 = Release|Any CPU
		{B0C31319-C8F5-4AAF-AAA8-E31F7B4577DA}.Debug|Any CPU.ActiveCfg = Debug|Any CPU
		{B0C31319-C8F5-4AAF-AAA8-E31F7B4577DA}.Debug|Any CPU.Build.0 = Debug|Any CPU
		{B0C31319-C8F5-4AAF-AAA8-E31F7B4577DA}.Release|Any CPU.ActiveCfg = Release|Any CPU
		{B0C31319-C8F5-4AAF-AAA8-E31F7B4577DA}.Release|Any CPU.Build.0 = Release|Any CPU
	EndGlobalSection
	GlobalSection(SolutionProperties) = preSolution
		HideSolutionNode = FALSE
	EndGlobalSection
	GlobalSection(ExtensibilityGlobals) = postSolution
		SolutionGuid = {E3903A49-7586-47A8-A2B0-BA104A598678}
	EndGlobalSection
EndGlobal
